
Microsoft Visual Studio Solution File, Format Version 12.00
# Visual Studio 14
VisualStudioVersion = 14.0.24720.0
MinimumVisualStudioVersion = 10.0.40219.1
Project("{FAE04EC0-301F-11D3-BF4B-00C04F79EFBC}") = "2016-05-20", "2016-05-20\2016-05-20.csproj", "{6418CADE-9960-4FE8-A880-7454356B4D4E}"
EndProject
Project("{FAE04EC0-301F-11D3-BF4B-00C04F79EFBC}") = "2016-05-19_flygstolen_form_rectreation", "2016-05-19_flygstolen_form_rectreation\2016-05-19_flygstolen_form_rectreation.csproj", "{A4635B39-905E-4CDB-AAFA-572D8811A2A7}"
EndProject
Project("{FAE04EC0-301F-11D3-BF4B-00C04F79EFBC}") = "2016-05-26_bootstrap", "2016-05-26_bootstrap\2016-05-26_bootstrap.csproj", "{8B4BE890-BF8B-44A4-837B-6027B57FAD1B}"
EndProject
Project("{FAE04EC0-301F-11D3-BF4B-00C04F79EFBC}") = "2016-05-31_cardflipping", "2016-05-31_cardflipping\2016-05-31_cardflipping.csproj", "{3230C192-0DC6-41AD-9DCC-4BED88DABB8B}"
EndProject
Global
	GlobalSection(SolutionConfigurationPlatforms) = preSolution
		Debug|Any CPU = Debug|Any CPU
		Release|Any CPU = Release|Any CPU
	EndGlobalSection
	GlobalSection(ProjectConfigurationPlatforms) = postSolution
		{6418CADE-9960-4FE8-A880-7454356B4D4E}.Debug|Any CPU.ActiveCfg = Debug|Any CPU
		{6418CADE-9960-4FE8-A880-7454356B4D4E}.Debug|Any CPU.Build.0 = Debug|Any CPU
		{6418CADE-9960-4FE8-A880-7454356B4D4E}.Release|Any CPU.ActiveCfg = Release|Any CPU
		{6418CADE-9960-4FE8-A880-7454356B4D4E}.Release|Any CPU.Build.0 = Release|Any CPU
		{A4635B39-905E-4CDB-AAFA-572D8811A2A7}.Debug|Any CPU.ActiveCfg = Debug|Any CPU
		{A4635B39-905E-4CDB-AAFA-572D8811A2A7}.Debug|Any CPU.Build.0 = Debug|Any CPU
		{A4635B39-905E-4CDB-AAFA-572D8811A2A7}.Release|Any CPU.ActiveCfg = Release|Any CPU
		{A4635B39-905E-4CDB-AAFA-572D8811A2A7}.Release|Any CPU.Build.0 = Release|Any CPU
		{8B4BE890-BF8B-44A4-837B-6027B57FAD1B}.Debug|Any CPU.ActiveCfg = Debug|Any CPU
		{8B4BE890-BF8B-44A4-837B-6027B57FAD1B}.Debug|Any CPU.Build.0 = Debug|Any CPU
		{8B4BE890-BF8B-44A4-837B-6027B57FAD1B}.Release|Any CPU.ActiveCfg = Release|Any CPU
		{8B4BE890-BF8B-44A4-837B-6027B57FAD1B}.Release|Any CPU.Build.0 = Release|Any CPU
		{3230C192-0DC6-41AD-9DCC-4BED88DABB8B}.Debug|Any CPU.ActiveCfg = Debug|Any CPU
		{3230C192-0DC6-41AD-9DCC-4BED88DABB8B}.Debug|Any CPU.Build.0 = Debug|Any CPU
		{3230C192-0DC6-41AD-9DCC-4BED88DABB8B}.Release|Any CPU.ActiveCfg = Release|Any CPU
		{3230C192-0DC6-41AD-9DCC-4BED88DABB8B}.Release|Any CPU.Build.0 = Release|Any CPU
	EndGlobalSection
	GlobalSection(SolutionProperties) = preSolution
		HideSolutionNode = FALSE
	EndGlobalSection
EndGlobal
