
Microsoft Visual Studio Solution File, Format Version 12.00
# Visual Studio 14
VisualStudioVersion = 14.0.24720.0
MinimumVisualStudioVersion = 10.0.40219.1
Project("{FAE04EC0-301F-11D3-BF4B-00C04F79EFBC}") = "2016-05-20", "2016-05-20\2016-05-20.csproj", "{6418CADE-9960-4FE8-A880-7454356B4D4E}"
EndProject
Project("{FAE04EC0-301F-11D3-BF4B-00C04F79EFBC}") = "2016-05-19_flygstolen_form_rectreation", "2016-05-19_flygstolen_form_rectreation\2016-05-19_flygstolen_form_rectreation.csproj", "{A4635B39-905E-4CDB-AAFA-572D8811A2A7}"
EndProject
Project("{FAE04EC0-301F-11D3-BF4B-00C04F79EFBC}") = "2016-05-26_bootstrap", "2016-05-26_bootstrap\2016-05-26_bootstrap.csproj", "{8B4BE890-BF8B-44A4-837B-6027B57FAD1B}"
EndProject
Project("{FAE04EC0-301F-11D3-BF4B-00C04F79EFBC}") = "2016-05-31_cardflipping", "2016-05-31_cardflipping\2016-05-31_cardflipping.csproj", "{3230C192-0DC6-41AD-9DCC-4BED88DABB8B}"
EndProject
Project("{FAE04EC0-301F-11D3-BF4B-00C04F79EFBC}") = "2016-06-01_canvas", "2016-06-01_canvas\2016-06-01_canvas.csproj", "{4374FB9B-85B6-49AF-A92A-89893482F434}"
EndProject
Project("{FAE04EC0-301F-11D3-BF4B-00C04F79EFBC}") = "2016-06-01_canvas2", "2016-06-01_canvas2\2016-06-01_canvas2.csproj", "{B952EC22-7574-4DB2-8E82-B7527BCFA7CD}"
EndProject
Project("{FAE04EC0-301F-11D3-BF4B-00C04F79EFBC}") = "ProcessingHTMLforms_01_assigningvalues", "ProcessingHTMLforms_01_assigningvalues\ProcessingHTMLforms_01_assigningvalues.csproj", "{21287021-67D0-4DFD-B5DB-539EF94AB580}"
EndProject
Project("{FAE04EC0-301F-11D3-BF4B-00C04F79EFBC}") = "ProcessingHTMLforms_02_radioandcheckboxes", "ProcessingHTMLforms_02_radioandcheckboxes\ProcessingHTMLforms_02_radioandcheckboxes.csproj", "{2099430F-0196-46AD-B5C2-B09E76F87647}"
EndProject
Project("{FAE04EC0-301F-11D3-BF4B-00C04F79EFBC}") = "ProcessingHTMLforms_03_choosing", "ProcessingHTMLforms_03_choosing\ProcessingHTMLforms_03_choosing.csproj", "{391DDC8A-1575-4C51-A0A3-AFB74511FBDC}"
EndProject
Project("{FAE04EC0-301F-11D3-BF4B-00C04F79EFBC}") = "ProcessingHTMLforms_04_formchanges", "ProcessingHTMLforms_04_formchanges\ProcessingHTMLforms_04_formchanges.csproj", "{05309637-4488-417E-87BF-AD7BFB38DC60}"
EndProject
Project("{FAE04EC0-301F-11D3-BF4B-00C04F79EFBC}") = "ProcessingHTMLforms_05_submitting", "ProcessingHTMLforms_05_submitting\ProcessingHTMLforms_05_submitting.csproj", "{15B483B4-5D05-4E87-BC63-FCF772AB4A88}"
EndProject
Project("{FAE04EC0-301F-11D3-BF4B-00C04F79EFBC}") = "CreatingDynamicEffects", "CreatingDynamicEffects\CreatingDynamicEffects.csproj", "{816FA9FF-45B9-4C05-9256-117FBDEA1E22}"
EndProject
Project("{FAE04EC0-301F-11D3-BF4B-00C04F79EFBC}") = "GettingStarted", "GettingStarted\GettingStarted.csproj", "{D8464F6F-3870-465A-B269-F36DBFB1E568}"
EndProject
Project("{FAE04EC0-301F-11D3-BF4B-00C04F79EFBC}") = "js-20160613", "js-20160613\js-20160613.csproj", "{F1E0D615-2D78-47DA-99AD-C867185CE2A6}"
EndProject
Project("{FAE04EC0-301F-11D3-BF4B-00C04F79EFBC}") = "PerformingOperations", "PerformingOperations\PerformingOperations.csproj", "{1DC198D5-E20E-40FC-8ACC-7DAFFB491D0E}"
EndProject
Project("{FAE04EC0-301F-11D3-BF4B-00C04F79EFBC}") = "Employingobjects", "Employingobjects\Employingobjects.csproj", "{08FED673-98C5-4E59-8E1D-F3F1C2464FE1}"
EndProject
Project("{FAE04EC0-301F-11D3-BF4B-00C04F79EFBC}") = "NumbersAndStrings", "NumbersAndStrings\NumbersAndStrings.csproj", "{E33FE231-ABE4-4701-B86D-0EE64DC514D9}"
EndProject
Project("{FAE04EC0-301F-11D3-BF4B-00C04F79EFBC}") = "ReferencingTheWindowObject", "ReferencingTheWindowObject\ReferencingTheWindowObject.csproj", "{C012C09E-127F-40B5-AA09-F8AD4E76BE47}"
EndProject
Project("{FAE04EC0-301F-11D3-BF4B-00C04F79EFBC}") = "InteractingWithTheDocument", "InteractingWithTheDocument\InteractingWithTheDocument.csproj", "{88B462B5-CF8F-4CBC-B1C9-DD9CF40B7E27}"
EndProject
Project("{FAE04EC0-301F-11D3-BF4B-00C04F79EFBC}") = "RespondingToUserActions", "RespondingToUserActions\RespondingToUserActions.csproj", "{0B723490-1040-43A1-95C6-AABBBFA085B4}"
EndProject
Project("{FAE04EC0-301F-11D3-BF4B-00C04F79EFBC}") = "ProcessingHTMLForms", "ProcessingHTMLForms\ProcessingHTMLForms.csproj", "{80821886-C77A-448D-8E2D-EF7287687291}"
EndProject
Project("{FAE04EC0-301F-11D3-BF4B-00C04F79EFBC}") = "CreatingDynamicEffects02", "CreatingDynamicEffects02\CreatingDynamicEffects02.csproj", "{E1E7286E-9E1D-4B70-AD16-560AB12BF5CD}"
EndProject
Project("{FAE04EC0-301F-11D3-BF4B-00C04F79EFBC}") = "ProducingWebApplications", "ProducingWebApplications\ProducingWebApplications.csproj", "{1C6E4D51-2ECB-4C74-8834-F17B1500C5DE}"
EndProject
Project("{FAE04EC0-301F-11D3-BF4B-00C04F79EFBC}") = "h9_ScriptingWithTheDOM", "h9_ScriptingWithTheDOM\h9_ScriptingWithTheDOM.csproj", "{57359AEB-C5EF-4AC1-8CB8-0BE6EA03A481}"
EndProject
Project("{FAE04EC0-301F-11D3-BF4B-00C04F79EFBC}") = "canvas", "canvas\canvas.csproj", "{CC5E488E-003A-4BEC-83F8-C8D96670B145}"
EndProject
Project("{FAE04EC0-301F-11D3-BF4B-00C04F79EFBC}") = "h12_JsAndCSS", "h12_JsAndCSS\h12_JsAndCSS.csproj", "{31F90A42-017A-4E01-8A1A-D93D831A0967}"
EndProject
Global
	GlobalSection(SolutionConfigurationPlatforms) = preSolution
		Debug|Any CPU = Debug|Any CPU
		Release|Any CPU = Release|Any CPU
	EndGlobalSection
	GlobalSection(ProjectConfigurationPlatforms) = postSolution
		{6418CADE-9960-4FE8-A880-7454356B4D4E}.Debug|Any CPU.ActiveCfg = Debug|Any CPU
		{6418CADE-9960-4FE8-A880-7454356B4D4E}.Debug|Any CPU.Build.0 = Debug|Any CPU
		{6418CADE-9960-4FE8-A880-7454356B4D4E}.Release|Any CPU.ActiveCfg = Release|Any CPU
		{6418CADE-9960-4FE8-A880-7454356B4D4E}.Release|Any CPU.Build.0 = Release|Any CPU
		{A4635B39-905E-4CDB-AAFA-572D8811A2A7}.Debug|Any CPU.ActiveCfg = Debug|Any CPU
		{A4635B39-905E-4CDB-AAFA-572D8811A2A7}.Debug|Any CPU.Build.0 = Debug|Any CPU
		{A4635B39-905E-4CDB-AAFA-572D8811A2A7}.Release|Any CPU.ActiveCfg = Release|Any CPU
		{A4635B39-905E-4CDB-AAFA-572D8811A2A7}.Release|Any CPU.Build.0 = Release|Any CPU
		{8B4BE890-BF8B-44A4-837B-6027B57FAD1B}.Debug|Any CPU.ActiveCfg = Debug|Any CPU
		{8B4BE890-BF8B-44A4-837B-6027B57FAD1B}.Debug|Any CPU.Build.0 = Debug|Any CPU
		{8B4BE890-BF8B-44A4-837B-6027B57FAD1B}.Release|Any CPU.ActiveCfg = Release|Any CPU
		{8B4BE890-BF8B-44A4-837B-6027B57FAD1B}.Release|Any CPU.Build.0 = Release|Any CPU
		{3230C192-0DC6-41AD-9DCC-4BED88DABB8B}.Debug|Any CPU.ActiveCfg = Debug|Any CPU
		{3230C192-0DC6-41AD-9DCC-4BED88DABB8B}.Debug|Any CPU.Build.0 = Debug|Any CPU
		{3230C192-0DC6-41AD-9DCC-4BED88DABB8B}.Release|Any CPU.ActiveCfg = Release|Any CPU
		{3230C192-0DC6-41AD-9DCC-4BED88DABB8B}.Release|Any CPU.Build.0 = Release|Any CPU
		{4374FB9B-85B6-49AF-A92A-89893482F434}.Debug|Any CPU.ActiveCfg = Debug|Any CPU
		{4374FB9B-85B6-49AF-A92A-89893482F434}.Debug|Any CPU.Build.0 = Debug|Any CPU
		{4374FB9B-85B6-49AF-A92A-89893482F434}.Release|Any CPU.ActiveCfg = Release|Any CPU
		{4374FB9B-85B6-49AF-A92A-89893482F434}.Release|Any CPU.Build.0 = Release|Any CPU
		{B952EC22-7574-4DB2-8E82-B7527BCFA7CD}.Debug|Any CPU.ActiveCfg = Debug|Any CPU
		{B952EC22-7574-4DB2-8E82-B7527BCFA7CD}.Debug|Any CPU.Build.0 = Debug|Any CPU
		{B952EC22-7574-4DB2-8E82-B7527BCFA7CD}.Release|Any CPU.ActiveCfg = Release|Any CPU
		{B952EC22-7574-4DB2-8E82-B7527BCFA7CD}.Release|Any CPU.Build.0 = Release|Any CPU
		{21287021-67D0-4DFD-B5DB-539EF94AB580}.Debug|Any CPU.ActiveCfg = Debug|Any CPU
		{21287021-67D0-4DFD-B5DB-539EF94AB580}.Debug|Any CPU.Build.0 = Debug|Any CPU
		{21287021-67D0-4DFD-B5DB-539EF94AB580}.Release|Any CPU.ActiveCfg = Release|Any CPU
		{21287021-67D0-4DFD-B5DB-539EF94AB580}.Release|Any CPU.Build.0 = Release|Any CPU
		{2099430F-0196-46AD-B5C2-B09E76F87647}.Debug|Any CPU.ActiveCfg = Debug|Any CPU
		{2099430F-0196-46AD-B5C2-B09E76F87647}.Debug|Any CPU.Build.0 = Debug|Any CPU
		{2099430F-0196-46AD-B5C2-B09E76F87647}.Release|Any CPU.ActiveCfg = Release|Any CPU
		{2099430F-0196-46AD-B5C2-B09E76F87647}.Release|Any CPU.Build.0 = Release|Any CPU
		{391DDC8A-1575-4C51-A0A3-AFB74511FBDC}.Debug|Any CPU.ActiveCfg = Debug|Any CPU
		{391DDC8A-1575-4C51-A0A3-AFB74511FBDC}.Debug|Any CPU.Build.0 = Debug|Any CPU
		{391DDC8A-1575-4C51-A0A3-AFB74511FBDC}.Release|Any CPU.ActiveCfg = Release|Any CPU
		{391DDC8A-1575-4C51-A0A3-AFB74511FBDC}.Release|Any CPU.Build.0 = Release|Any CPU
		{05309637-4488-417E-87BF-AD7BFB38DC60}.Debug|Any CPU.ActiveCfg = Debug|Any CPU
		{05309637-4488-417E-87BF-AD7BFB38DC60}.Debug|Any CPU.Build.0 = Debug|Any CPU
		{05309637-4488-417E-87BF-AD7BFB38DC60}.Release|Any CPU.ActiveCfg = Release|Any CPU
		{05309637-4488-417E-87BF-AD7BFB38DC60}.Release|Any CPU.Build.0 = Release|Any CPU
		{15B483B4-5D05-4E87-BC63-FCF772AB4A88}.Debug|Any CPU.ActiveCfg = Debug|Any CPU
		{15B483B4-5D05-4E87-BC63-FCF772AB4A88}.Debug|Any CPU.Build.0 = Debug|Any CPU
		{15B483B4-5D05-4E87-BC63-FCF772AB4A88}.Release|Any CPU.ActiveCfg = Release|Any CPU
		{15B483B4-5D05-4E87-BC63-FCF772AB4A88}.Release|Any CPU.Build.0 = Release|Any CPU
		{816FA9FF-45B9-4C05-9256-117FBDEA1E22}.Debug|Any CPU.ActiveCfg = Debug|Any CPU
		{816FA9FF-45B9-4C05-9256-117FBDEA1E22}.Debug|Any CPU.Build.0 = Debug|Any CPU
		{816FA9FF-45B9-4C05-9256-117FBDEA1E22}.Release|Any CPU.ActiveCfg = Release|Any CPU
		{816FA9FF-45B9-4C05-9256-117FBDEA1E22}.Release|Any CPU.Build.0 = Release|Any CPU
		{D8464F6F-3870-465A-B269-F36DBFB1E568}.Debug|Any CPU.ActiveCfg = Debug|Any CPU
		{D8464F6F-3870-465A-B269-F36DBFB1E568}.Debug|Any CPU.Build.0 = Debug|Any CPU
		{D8464F6F-3870-465A-B269-F36DBFB1E568}.Release|Any CPU.ActiveCfg = Release|Any CPU
		{D8464F6F-3870-465A-B269-F36DBFB1E568}.Release|Any CPU.Build.0 = Release|Any CPU
		{F1E0D615-2D78-47DA-99AD-C867185CE2A6}.Debug|Any CPU.ActiveCfg = Debug|Any CPU
		{F1E0D615-2D78-47DA-99AD-C867185CE2A6}.Debug|Any CPU.Build.0 = Debug|Any CPU
		{F1E0D615-2D78-47DA-99AD-C867185CE2A6}.Release|Any CPU.ActiveCfg = Release|Any CPU
		{F1E0D615-2D78-47DA-99AD-C867185CE2A6}.Release|Any CPU.Build.0 = Release|Any CPU
		{1DC198D5-E20E-40FC-8ACC-7DAFFB491D0E}.Debug|Any CPU.ActiveCfg = Debug|Any CPU
		{1DC198D5-E20E-40FC-8ACC-7DAFFB491D0E}.Debug|Any CPU.Build.0 = Debug|Any CPU
		{1DC198D5-E20E-40FC-8ACC-7DAFFB491D0E}.Release|Any CPU.ActiveCfg = Release|Any CPU
		{1DC198D5-E20E-40FC-8ACC-7DAFFB491D0E}.Release|Any CPU.Build.0 = Release|Any CPU
		{08FED673-98C5-4E59-8E1D-F3F1C2464FE1}.Debug|Any CPU.ActiveCfg = Debug|Any CPU
		{08FED673-98C5-4E59-8E1D-F3F1C2464FE1}.Debug|Any CPU.Build.0 = Debug|Any CPU
		{08FED673-98C5-4E59-8E1D-F3F1C2464FE1}.Release|Any CPU.ActiveCfg = Release|Any CPU
		{08FED673-98C5-4E59-8E1D-F3F1C2464FE1}.Release|Any CPU.Build.0 = Release|Any CPU
		{E33FE231-ABE4-4701-B86D-0EE64DC514D9}.Debug|Any CPU.ActiveCfg = Debug|Any CPU
		{E33FE231-ABE4-4701-B86D-0EE64DC514D9}.Debug|Any CPU.Build.0 = Debug|Any CPU
		{E33FE231-ABE4-4701-B86D-0EE64DC514D9}.Release|Any CPU.ActiveCfg = Release|Any CPU
		{E33FE231-ABE4-4701-B86D-0EE64DC514D9}.Release|Any CPU.Build.0 = Release|Any CPU
		{C012C09E-127F-40B5-AA09-F8AD4E76BE47}.Debug|Any CPU.ActiveCfg = Debug|Any CPU
		{C012C09E-127F-40B5-AA09-F8AD4E76BE47}.Debug|Any CPU.Build.0 = Debug|Any CPU
		{C012C09E-127F-40B5-AA09-F8AD4E76BE47}.Release|Any CPU.ActiveCfg = Release|Any CPU
		{C012C09E-127F-40B5-AA09-F8AD4E76BE47}.Release|Any CPU.Build.0 = Release|Any CPU
		{88B462B5-CF8F-4CBC-B1C9-DD9CF40B7E27}.Debug|Any CPU.ActiveCfg = Debug|Any CPU
		{88B462B5-CF8F-4CBC-B1C9-DD9CF40B7E27}.Debug|Any CPU.Build.0 = Debug|Any CPU
		{88B462B5-CF8F-4CBC-B1C9-DD9CF40B7E27}.Release|Any CPU.ActiveCfg = Release|Any CPU
		{88B462B5-CF8F-4CBC-B1C9-DD9CF40B7E27}.Release|Any CPU.Build.0 = Release|Any CPU
		{0B723490-1040-43A1-95C6-AABBBFA085B4}.Debug|Any CPU.ActiveCfg = Debug|Any CPU
		{0B723490-1040-43A1-95C6-AABBBFA085B4}.Debug|Any CPU.Build.0 = Debug|Any CPU
		{0B723490-1040-43A1-95C6-AABBBFA085B4}.Release|Any CPU.ActiveCfg = Release|Any CPU
		{0B723490-1040-43A1-95C6-AABBBFA085B4}.Release|Any CPU.Build.0 = Release|Any CPU
		{80821886-C77A-448D-8E2D-EF7287687291}.Debug|Any CPU.ActiveCfg = Debug|Any CPU
		{80821886-C77A-448D-8E2D-EF7287687291}.Debug|Any CPU.Build.0 = Debug|Any CPU
		{80821886-C77A-448D-8E2D-EF7287687291}.Release|Any CPU.ActiveCfg = Release|Any CPU
		{80821886-C77A-448D-8E2D-EF7287687291}.Release|Any CPU.Build.0 = Release|Any CPU
		{E1E7286E-9E1D-4B70-AD16-560AB12BF5CD}.Debug|Any CPU.ActiveCfg = Debug|Any CPU
		{E1E7286E-9E1D-4B70-AD16-560AB12BF5CD}.Debug|Any CPU.Build.0 = Debug|Any CPU
		{E1E7286E-9E1D-4B70-AD16-560AB12BF5CD}.Release|Any CPU.ActiveCfg = Release|Any CPU
		{E1E7286E-9E1D-4B70-AD16-560AB12BF5CD}.Release|Any CPU.Build.0 = Release|Any CPU
		{1C6E4D51-2ECB-4C74-8834-F17B1500C5DE}.Debug|Any CPU.ActiveCfg = Debug|Any CPU
		{1C6E4D51-2ECB-4C74-8834-F17B1500C5DE}.Debug|Any CPU.Build.0 = Debug|Any CPU
		{1C6E4D51-2ECB-4C74-8834-F17B1500C5DE}.Release|Any CPU.ActiveCfg = Release|Any CPU
		{1C6E4D51-2ECB-4C74-8834-F17B1500C5DE}.Release|Any CPU.Build.0 = Release|Any CPU
		{57359AEB-C5EF-4AC1-8CB8-0BE6EA03A481}.Debug|Any CPU.ActiveCfg = Debug|Any CPU
		{57359AEB-C5EF-4AC1-8CB8-0BE6EA03A481}.Debug|Any CPU.Build.0 = Debug|Any CPU
		{57359AEB-C5EF-4AC1-8CB8-0BE6EA03A481}.Release|Any CPU.ActiveCfg = Release|Any CPU
		{57359AEB-C5EF-4AC1-8CB8-0BE6EA03A481}.Release|Any CPU.Build.0 = Release|Any CPU
		{CC5E488E-003A-4BEC-83F8-C8D96670B145}.Debug|Any CPU.ActiveCfg = Debug|Any CPU
		{CC5E488E-003A-4BEC-83F8-C8D96670B145}.Debug|Any CPU.Build.0 = Debug|Any CPU
		{CC5E488E-003A-4BEC-83F8-C8D96670B145}.Release|Any CPU.ActiveCfg = Release|Any CPU
		{CC5E488E-003A-4BEC-83F8-C8D96670B145}.Release|Any CPU.Build.0 = Release|Any CPU
		{31F90A42-017A-4E01-8A1A-D93D831A0967}.Debug|Any CPU.ActiveCfg = Debug|Any CPU
		{31F90A42-017A-4E01-8A1A-D93D831A0967}.Debug|Any CPU.Build.0 = Debug|Any CPU
		{31F90A42-017A-4E01-8A1A-D93D831A0967}.Release|Any CPU.ActiveCfg = Release|Any CPU
		{31F90A42-017A-4E01-8A1A-D93D831A0967}.Release|Any CPU.Build.0 = Release|Any CPU
	EndGlobalSection
	GlobalSection(SolutionProperties) = preSolution
		HideSolutionNode = FALSE
	EndGlobalSection
EndGlobal
